// !$*UTF8*$!
{
	archiveVersion = 1;
	classes = {
	};
	objectVersion = 51;
	objects = {

/* Begin PBXBuildFile section */
		CB1E477D258982F600B4FDF0 /* Footer.xib in Resources */ = {isa = PBXBuildFile; fileRef = CB1E477C258982F600B4FDF0 /* Footer.xib */; };
		CB1E47842589845F00B4FDF0 /* FooterView.swift in Sources */ = {isa = PBXBuildFile; fileRef = CB1E47832589845F00B4FDF0 /* FooterView.swift */; };
		CB1FF997252E3F7E00ED7ACA /* DataManager.swift in Sources */ = {isa = PBXBuildFile; fileRef = CB1FF996252E3F7E00ED7ACA /* DataManager.swift */; };
		CB1FF99C252E849800ED7ACA /* apikeys.plist in Resources */ = {isa = PBXBuildFile; fileRef = CB1FF99B252E849800ED7ACA /* apikeys.plist */; };
		CB1FF9AA252E987400ED7ACA /* APIReturnDataSet.swift in Sources */ = {isa = PBXBuildFile; fileRef = CB1FF9A9252E987400ED7ACA /* APIReturnDataSet.swift */; };
		CB1FF9B0252E9AC800ED7ACA /* Character.swift in Sources */ = {isa = PBXBuildFile; fileRef = CB1FF9AF252E9AC800ED7ACA /* Character.swift */; };
		CB1FF9B4252EB2CD00ED7ACA /* CharactersController.swift in Sources */ = {isa = PBXBuildFile; fileRef = CB1FF9B3252EB2CD00ED7ACA /* CharactersController.swift */; };
		CB1FF9B7252EB35500ED7ACA /* CharacterCell.swift in Sources */ = {isa = PBXBuildFile; fileRef = CB1FF9B6252EB35500ED7ACA /* CharacterCell.swift */; };
		CB1FF9C0252ECF7600ED7ACA /* CharacterCellDetailController.swift in Sources */ = {isa = PBXBuildFile; fileRef = CB1FF9BF252ECF7600ED7ACA /* CharacterCellDetailController.swift */; };
		CB5381F9257EF71400F80EA2 /* CharactersViewModel.swift in Sources */ = {isa = PBXBuildFile; fileRef = CB5381F8257EF71400F80EA2 /* CharactersViewModel.swift */; };
		CB78EA80252CEA6B00CC48E6 /* AppDelegate.swift in Sources */ = {isa = PBXBuildFile; fileRef = CB78EA7F252CEA6B00CC48E6 /* AppDelegate.swift */; };
		CB78EA82252CEA6B00CC48E6 /* SceneDelegate.swift in Sources */ = {isa = PBXBuildFile; fileRef = CB78EA81252CEA6B00CC48E6 /* SceneDelegate.swift */; };
		CB78EA87252CEA6B00CC48E6 /* Main.storyboard in Resources */ = {isa = PBXBuildFile; fileRef = CB78EA85252CEA6B00CC48E6 /* Main.storyboard */; };
		CB78EA89252CEA6C00CC48E6 /* Assets.xcassets in Resources */ = {isa = PBXBuildFile; fileRef = CB78EA88252CEA6C00CC48E6 /* Assets.xcassets */; };
		CB78EA8C252CEA6C00CC48E6 /* LaunchScreen.storyboard in Resources */ = {isa = PBXBuildFile; fileRef = CB78EA8A252CEA6C00CC48E6 /* LaunchScreen.storyboard */; };
		CB81BA06258BF46400447922 /* AlertExtension.swift in Sources */ = {isa = PBXBuildFile; fileRef = CB81BA05258BF46400447922 /* AlertExtension.swift */; };
		CB81BA0B258C06E100447922 /* ErrorMessage.swift in Sources */ = {isa = PBXBuildFile; fileRef = CB81BA0A258C06E100447922 /* ErrorMessage.swift */; };
		CBCAA8C1258426F400852E3D /* ImageManager.swift in Sources */ = {isa = PBXBuildFile; fileRef = CBCAA8C0258426F400852E3D /* ImageManager.swift */; };
		CBE88D69258ACB3A0077AC56 /* Localizable.strings in Resources */ = {isa = PBXBuildFile; fileRef = CBE88D6B258ACB3A0077AC56 /* Localizable.strings */; };
		FA3A1CE8DBA4ABBB2A59A811 /* Pods_MarvelHeroes.framework in Frameworks */ = {isa = PBXBuildFile; fileRef = 126DB096D93BB6F33DF6BD76 /* Pods_MarvelHeroes.framework */; };
/* End PBXBuildFile section */

/* Begin PBXFileReference section */
		126DB096D93BB6F33DF6BD76 /* Pods_MarvelHeroes.framework */ = {isa = PBXFileReference; explicitFileType = wrapper.framework; includeInIndex = 0; path = Pods_MarvelHeroes.framework; sourceTree = BUILT_PRODUCTS_DIR; };
		418A11A8260AE5A2927C40D5 /* Pods-MarvelHeroes.release.xcconfig */ = {isa = PBXFileReference; includeInIndex = 1; lastKnownFileType = text.xcconfig; name = "Pods-MarvelHeroes.release.xcconfig"; path = "Target Support Files/Pods-MarvelHeroes/Pods-MarvelHeroes.release.xcconfig"; sourceTree = "<group>"; };
		CA8CA443BCD1090136731DD5 /* Pods-MarvelHeroes.debug.xcconfig */ = {isa = PBXFileReference; includeInIndex = 1; lastKnownFileType = text.xcconfig; name = "Pods-MarvelHeroes.debug.xcconfig"; path = "Target Support Files/Pods-MarvelHeroes/Pods-MarvelHeroes.debug.xcconfig"; sourceTree = "<group>"; };
		CB1E477C258982F600B4FDF0 /* Footer.xib */ = {isa = PBXFileReference; lastKnownFileType = file.xib; path = Footer.xib; sourceTree = "<group>"; };
		CB1E47832589845F00B4FDF0 /* FooterView.swift */ = {isa = PBXFileReference; lastKnownFileType = sourcecode.swift; path = FooterView.swift; sourceTree = "<group>"; };
		CB1FF996252E3F7E00ED7ACA /* DataManager.swift */ = {isa = PBXFileReference; lastKnownFileType = sourcecode.swift; path = DataManager.swift; sourceTree = "<group>"; };
		CB1FF99B252E849800ED7ACA /* apikeys.plist */ = {isa = PBXFileReference; lastKnownFileType = text.plist.xml; path = apikeys.plist; sourceTree = "<group>"; };
		CB1FF9A9252E987400ED7ACA /* APIReturnDataSet.swift */ = {isa = PBXFileReference; lastKnownFileType = sourcecode.swift; path = APIReturnDataSet.swift; sourceTree = "<group>"; };
		CB1FF9AF252E9AC800ED7ACA /* Character.swift */ = {isa = PBXFileReference; lastKnownFileType = sourcecode.swift; path = Character.swift; sourceTree = "<group>"; };
		CB1FF9B3252EB2CD00ED7ACA /* CharactersController.swift */ = {isa = PBXFileReference; lastKnownFileType = sourcecode.swift; path = CharactersController.swift; sourceTree = "<group>"; };
		CB1FF9B6252EB35500ED7ACA /* CharacterCell.swift */ = {isa = PBXFileReference; lastKnownFileType = sourcecode.swift; path = CharacterCell.swift; sourceTree = "<group>"; };
		CB1FF9BF252ECF7600ED7ACA /* CharacterCellDetailController.swift */ = {isa = PBXFileReference; lastKnownFileType = sourcecode.swift; path = CharacterCellDetailController.swift; sourceTree = "<group>"; };
		CB5381F8257EF71400F80EA2 /* CharactersViewModel.swift */ = {isa = PBXFileReference; lastKnownFileType = sourcecode.swift; path = CharactersViewModel.swift; sourceTree = "<group>"; };
		CB78EA7C252CEA6B00CC48E6 /* MarvelHeroes.app */ = {isa = PBXFileReference; explicitFileType = wrapper.application; includeInIndex = 0; path = MarvelHeroes.app; sourceTree = BUILT_PRODUCTS_DIR; };
		CB78EA7F252CEA6B00CC48E6 /* AppDelegate.swift */ = {isa = PBXFileReference; lastKnownFileType = sourcecode.swift; path = AppDelegate.swift; sourceTree = "<group>"; };
		CB78EA81252CEA6B00CC48E6 /* SceneDelegate.swift */ = {isa = PBXFileReference; lastKnownFileType = sourcecode.swift; path = SceneDelegate.swift; sourceTree = "<group>"; };
		CB78EA86252CEA6B00CC48E6 /* Base */ = {isa = PBXFileReference; lastKnownFileType = file.storyboard; name = Base; path = Base.lproj/Main.storyboard; sourceTree = "<group>"; };
		CB78EA88252CEA6C00CC48E6 /* Assets.xcassets */ = {isa = PBXFileReference; lastKnownFileType = folder.assetcatalog; path = Assets.xcassets; sourceTree = "<group>"; };
		CB78EA8B252CEA6C00CC48E6 /* Base */ = {isa = PBXFileReference; lastKnownFileType = file.storyboard; name = Base; path = Base.lproj/LaunchScreen.storyboard; sourceTree = "<group>"; };
		CB78EA8D252CEA6C00CC48E6 /* Info.plist */ = {isa = PBXFileReference; lastKnownFileType = text.plist.xml; path = Info.plist; sourceTree = "<group>"; };
		CB81BA05258BF46400447922 /* AlertExtension.swift */ = {isa = PBXFileReference; lastKnownFileType = sourcecode.swift; path = AlertExtension.swift; sourceTree = "<group>"; };
		CB81BA0A258C06E100447922 /* ErrorMessage.swift */ = {isa = PBXFileReference; lastKnownFileType = sourcecode.swift; path = ErrorMessage.swift; sourceTree = "<group>"; };
		CBCAA8C0258426F400852E3D /* ImageManager.swift */ = {isa = PBXFileReference; lastKnownFileType = sourcecode.swift; path = ImageManager.swift; sourceTree = "<group>"; };
		CBE88D62258ACA920077AC56 /* pt-BR */ = {isa = PBXFileReference; lastKnownFileType = text.plist.strings; name = "pt-BR"; path = "pt-BR.lproj/Main.strings"; sourceTree = "<group>"; };
		CBE88D6A258ACB3A0077AC56 /* pt-BR */ = {isa = PBXFileReference; lastKnownFileType = text.plist.strings; name = "pt-BR"; path = "pt-BR.lproj/Localizable.strings"; sourceTree = "<group>"; };
		CBE88D6D258ACB5B0077AC56 /* en */ = {isa = PBXFileReference; lastKnownFileType = text.plist.strings; name = en; path = en.lproj/Localizable.strings; sourceTree = "<group>"; };
		CBE88D6F258ACED70077AC56 /* en */ = {isa = PBXFileReference; lastKnownFileType = text.plist.strings; name = en; path = en.lproj/Main.strings; sourceTree = "<group>"; };
/* End PBXFileReference section */

/* Begin PBXFrameworksBuildPhase section */
		CB78EA79252CEA6B00CC48E6 /* Frameworks */ = {
			isa = PBXFrameworksBuildPhase;
			buildActionMask = 2147483647;
			files = (
				FA3A1CE8DBA4ABBB2A59A811 /* Pods_MarvelHeroes.framework in Frameworks */,
			);
			runOnlyForDeploymentPostprocessing = 0;
		};
/* End PBXFrameworksBuildPhase section */

/* Begin PBXGroup section */
		84E7962FAA7726DA39D2B3EC /* Pods */ = {
			isa = PBXGroup;
			children = (
				CA8CA443BCD1090136731DD5 /* Pods-MarvelHeroes.debug.xcconfig */,
				418A11A8260AE5A2927C40D5 /* Pods-MarvelHeroes.release.xcconfig */,
			);
			path = Pods;
			sourceTree = "<group>";
		};
		CB1FF995252E3F4A00ED7ACA /* Utils */ = {
			isa = PBXGroup;
			children = (
				CBCAA8C0258426F400852E3D /* ImageManager.swift */,
				CB1FF996252E3F7E00ED7ACA /* DataManager.swift */,
				CB1E47832589845F00B4FDF0 /* FooterView.swift */,
				CB81BA05258BF46400447922 /* AlertExtension.swift */,
				CB81BA0A258C06E100447922 /* ErrorMessage.swift */,
			);
			path = Utils;
			sourceTree = "<group>";
		};
		CB78EA73252CEA6B00CC48E6 = {
			isa = PBXGroup;
			children = (
				CB78EA7E252CEA6B00CC48E6 /* MarvelHeroes */,
				CB78EA7D252CEA6B00CC48E6 /* Products */,
				84E7962FAA7726DA39D2B3EC /* Pods */,
				E3E6BA96F5CF0D7AB1977F31 /* Frameworks */,
			);
			sourceTree = "<group>";
		};
		CB78EA7D252CEA6B00CC48E6 /* Products */ = {
			isa = PBXGroup;
			children = (
				CB78EA7C252CEA6B00CC48E6 /* MarvelHeroes.app */,
			);
			name = Products;
			sourceTree = "<group>";
		};
		CB78EA7E252CEA6B00CC48E6 /* MarvelHeroes */ = {
			isa = PBXGroup;
			children = (
				CBD7DBF225840AD4000DF329 /* ViewModel */,
				CB1FF995252E3F4A00ED7ACA /* Utils */,
				CB78EA94252CEFEC00CC48E6 /* Model */,
				CB78EA95252CEFF700CC48E6 /* View */,
				CB78EA96252CF00100CC48E6 /* Controller */,
				CB78EA7F252CEA6B00CC48E6 /* AppDelegate.swift */,
				CB78EA81252CEA6B00CC48E6 /* SceneDelegate.swift */,
				CB78EA85252CEA6B00CC48E6 /* Main.storyboard */,
				CB78EA88252CEA6C00CC48E6 /* Assets.xcassets */,
				CB78EA8A252CEA6C00CC48E6 /* LaunchScreen.storyboard */,
				CB78EA8D252CEA6C00CC48E6 /* Info.plist */,
				CB1FF99B252E849800ED7ACA /* apikeys.plist */,
				CB1E477C258982F600B4FDF0 /* Footer.xib */,
				CBE88D6B258ACB3A0077AC56 /* Localizable.strings */,
			);
			path = MarvelHeroes;
			sourceTree = "<group>";
		};
		CB78EA94252CEFEC00CC48E6 /* Model */ = {
			isa = PBXGroup;
			children = (
				CB1FF9A9252E987400ED7ACA /* APIReturnDataSet.swift */,
				CB1FF9AF252E9AC800ED7ACA /* Character.swift */,
			);
			path = Model;
			sourceTree = "<group>";
		};
		CB78EA95252CEFF700CC48E6 /* View */ = {
			isa = PBXGroup;
			children = (
				CB1FF9B6252EB35500ED7ACA /* CharacterCell.swift */,
			);
			path = View;
			sourceTree = "<group>";
		};
		CB78EA96252CF00100CC48E6 /* Controller */ = {
			isa = PBXGroup;
			children = (
				CB1FF9B3252EB2CD00ED7ACA /* CharactersController.swift */,
				CB1FF9BF252ECF7600ED7ACA /* CharacterCellDetailController.swift */,
			);
			path = Controller;
			sourceTree = "<group>";
		};
		CBD7DBF225840AD4000DF329 /* ViewModel */ = {
			isa = PBXGroup;
			children = (
				CB5381F8257EF71400F80EA2 /* CharactersViewModel.swift */,
			);
			path = ViewModel;
			sourceTree = "<group>";
		};
		E3E6BA96F5CF0D7AB1977F31 /* Frameworks */ = {
			isa = PBXGroup;
			children = (
				126DB096D93BB6F33DF6BD76 /* Pods_MarvelHeroes.framework */,
			);
			name = Frameworks;
			sourceTree = "<group>";
		};
/* End PBXGroup section */

/* Begin PBXNativeTarget section */
		CB78EA7B252CEA6B00CC48E6 /* MarvelHeroes */ = {
			isa = PBXNativeTarget;
			buildConfigurationList = CB78EA90252CEA6C00CC48E6 /* Build configuration list for PBXNativeTarget "MarvelHeroes" */;
			buildPhases = (
				6AEED5771E20CA81BEB4E5B4 /* [CP] Check Pods Manifest.lock */,
				CB78EA78252CEA6B00CC48E6 /* Sources */,
				CB78EA79252CEA6B00CC48E6 /* Frameworks */,
				CB78EA7A252CEA6B00CC48E6 /* Resources */,
				7770131551C0C8109B433210 /* [CP] Embed Pods Frameworks */,
			);
			buildRules = (
			);
			dependencies = (
			);
			name = MarvelHeroes;
			productName = MarvelHeroes;
			productReference = CB78EA7C252CEA6B00CC48E6 /* MarvelHeroes.app */;
			productType = "com.apple.product-type.application";
		};
/* End PBXNativeTarget section */

/* Begin PBXProject section */
		CB78EA74252CEA6B00CC48E6 /* Project object */ = {
			isa = PBXProject;
			attributes = {
				LastSwiftUpdateCheck = 1200;
				LastUpgradeCheck = 1200;
				TargetAttributes = {
					CB78EA7B252CEA6B00CC48E6 = {
						CreatedOnToolsVersion = 12.0.1;
					};
				};
			};
			buildConfigurationList = CB78EA77252CEA6B00CC48E6 /* Build configuration list for PBXProject "MarvelHeroes" */;
			compatibilityVersion = "Xcode 9.3";
			developmentRegion = en;
			hasScannedForEncodings = 0;
			knownRegions = (
				en,
				Base,
				"pt-BR",
			);
			mainGroup = CB78EA73252CEA6B00CC48E6;
			productRefGroup = CB78EA7D252CEA6B00CC48E6 /* Products */;
			projectDirPath = "";
			projectRoot = "";
			targets = (
				CB78EA7B252CEA6B00CC48E6 /* MarvelHeroes */,
			);
		};
/* End PBXProject section */

/* Begin PBXResourcesBuildPhase section */
		CB78EA7A252CEA6B00CC48E6 /* Resources */ = {
			isa = PBXResourcesBuildPhase;
			buildActionMask = 2147483647;
			files = (
				CB78EA8C252CEA6C00CC48E6 /* LaunchScreen.storyboard in Resources */,
				CBE88D69258ACB3A0077AC56 /* Localizable.strings in Resources */,
				CB1FF99C252E849800ED7ACA /* apikeys.plist in Resources */,
				CB1E477D258982F600B4FDF0 /* Footer.xib in Resources */,
				CB78EA89252CEA6C00CC48E6 /* Assets.xcassets in Resources */,
				CB78EA87252CEA6B00CC48E6 /* Main.storyboard in Resources */,
			);
			runOnlyForDeploymentPostprocessing = 0;
		};
/* End PBXResourcesBuildPhase section */

/* Begin PBXShellScriptBuildPhase section */
		6AEED5771E20CA81BEB4E5B4 /* [CP] Check Pods Manifest.lock */ = {
			isa = PBXShellScriptBuildPhase;
			buildActionMask = 2147483647;
			files = (
			);
			inputFileListPaths = (
			);
			inputPaths = (
				"${PODS_PODFILE_DIR_PATH}/Podfile.lock",
				"${PODS_ROOT}/Manifest.lock",
			);
			name = "[CP] Check Pods Manifest.lock";
			outputFileListPaths = (
			);
			outputPaths = (
				"$(DERIVED_FILE_DIR)/Pods-MarvelHeroes-checkManifestLockResult.txt",
			);
			runOnlyForDeploymentPostprocessing = 0;
			shellPath = /bin/sh;
			shellScript = "diff \"${PODS_PODFILE_DIR_PATH}/Podfile.lock\" \"${PODS_ROOT}/Manifest.lock\" > /dev/null\nif [ $? != 0 ] ; then\n    # print error to STDERR\n    echo \"error: The sandbox is not in sync with the Podfile.lock. Run 'pod install' or update your CocoaPods installation.\" >&2\n    exit 1\nfi\n# This output is used by Xcode 'outputs' to avoid re-running this script phase.\necho \"SUCCESS\" > \"${SCRIPT_OUTPUT_FILE_0}\"\n";
			showEnvVarsInLog = 0;
		};
		7770131551C0C8109B433210 /* [CP] Embed Pods Frameworks */ = {
			isa = PBXShellScriptBuildPhase;
			buildActionMask = 2147483647;
			files = (
			);
			inputFileListPaths = (
				"${PODS_ROOT}/Target Support Files/Pods-MarvelHeroes/Pods-MarvelHeroes-frameworks-${CONFIGURATION}-input-files.xcfilelist",
			);
			name = "[CP] Embed Pods Frameworks";
			outputFileListPaths = (
				"${PODS_ROOT}/Target Support Files/Pods-MarvelHeroes/Pods-MarvelHeroes-frameworks-${CONFIGURATION}-output-files.xcfilelist",
			);
			runOnlyForDeploymentPostprocessing = 0;
			shellPath = /bin/sh;
			shellScript = "\"${PODS_ROOT}/Target Support Files/Pods-MarvelHeroes/Pods-MarvelHeroes-frameworks.sh\"\n";
			showEnvVarsInLog = 0;
		};
/* End PBXShellScriptBuildPhase section */

/* Begin PBXSourcesBuildPhase section */
		CB78EA78252CEA6B00CC48E6 /* Sources */ = {
			isa = PBXSourcesBuildPhase;
			buildActionMask = 2147483647;
			files = (
				CB5381F9257EF71400F80EA2 /* CharactersViewModel.swift in Sources */,
				CB1FF997252E3F7E00ED7ACA /* DataManager.swift in Sources */,
				CB1FF9C0252ECF7600ED7ACA /* CharacterCellDetailController.swift in Sources */,
				CB1FF9AA252E987400ED7ACA /* APIReturnDataSet.swift in Sources */,
				CB1FF9B7252EB35500ED7ACA /* CharacterCell.swift in Sources */,
				CB1FF9B0252E9AC800ED7ACA /* Character.swift in Sources */,
				CB81BA0B258C06E100447922 /* ErrorMessage.swift in Sources */,
				CB1E47842589845F00B4FDF0 /* FooterView.swift in Sources */,
				CB78EA80252CEA6B00CC48E6 /* AppDelegate.swift in Sources */,
				CBCAA8C1258426F400852E3D /* ImageManager.swift in Sources */,
				CB1FF9B4252EB2CD00ED7ACA /* CharactersController.swift in Sources */,
				CB81BA06258BF46400447922 /* AlertExtension.swift in Sources */,
				CB78EA82252CEA6B00CC48E6 /* SceneDelegate.swift in Sources */,
			);
			runOnlyForDeploymentPostprocessing = 0;
		};
/* End PBXSourcesBuildPhase section */

/* Begin PBXVariantGroup section */
		CB78EA85252CEA6B00CC48E6 /* Main.storyboard */ = {
			isa = PBXVariantGroup;
			children = (
				CB78EA86252CEA6B00CC48E6 /* Base */,
				CBE88D62258ACA920077AC56 /* pt-BR */,
				CBE88D6F258ACED70077AC56 /* en */,
			);
			name = Main.storyboard;
			sourceTree = "<group>";
		};
		CB78EA8A252CEA6C00CC48E6 /* LaunchScreen.storyboard */ = {
			isa = PBXVariantGroup;
			children = (
				CB78EA8B252CEA6C00CC48E6 /* Base */,
			);
			name = LaunchScreen.storyboard;
			sourceTree = "<group>";
		};
		CBE88D6B258ACB3A0077AC56 /* Localizable.strings */ = {
			isa = PBXVariantGroup;
			children = (
				CBE88D6A258ACB3A0077AC56 /* pt-BR */,
				CBE88D6D258ACB5B0077AC56 /* en */,
			);
			name = Localizable.strings;
			sourceTree = "<group>";
		};
/* End PBXVariantGroup section */

/* Begin XCBuildConfiguration section */
		CB78EA8E252CEA6C00CC48E6 /* Debug */ = {
			isa = XCBuildConfiguration;
			buildSettings = {
				ALWAYS_SEARCH_USER_PATHS = NO;
				CLANG_ANALYZER_LOCALIZABILITY_NONLOCALIZED = YES;
				CLANG_ANALYZER_NONNULL = YES;
				CLANG_ANALYZER_NUMBER_OBJECT_CONVERSION = YES_AGGRESSIVE;
				CLANG_CXX_LANGUAGE_STANDARD = "gnu++14";
				CLANG_CXX_LIBRARY = "libc++";
				CLANG_ENABLE_MODULES = YES;
				CLANG_ENABLE_OBJC_ARC = YES;
				CLANG_ENABLE_OBJC_WEAK = YES;
				CLANG_WARN_BLOCK_CAPTURE_AUTORELEASING = YES;
				CLANG_WARN_BOOL_CONVERSION = YES;
				CLANG_WARN_COMMA = YES;
				CLANG_WARN_CONSTANT_CONVERSION = YES;
				CLANG_WARN_DEPRECATED_OBJC_IMPLEMENTATIONS = YES;
				CLANG_WARN_DIRECT_OBJC_ISA_USAGE = YES_ERROR;
				CLANG_WARN_DOCUMENTATION_COMMENTS = YES;
				CLANG_WARN_EMPTY_BODY = YES;
				CLANG_WARN_ENUM_CONVERSION = YES;
				CLANG_WARN_INFINITE_RECURSION = YES;
				CLANG_WARN_INT_CONVERSION = YES;
				CLANG_WARN_NON_LITERAL_NULL_CONVERSION = YES;
				CLANG_WARN_OBJC_IMPLICIT_RETAIN_SELF = YES;
				CLANG_WARN_OBJC_LITERAL_CONVERSION = YES;
				CLANG_WARN_OBJC_ROOT_CLASS = YES_ERROR;
				CLANG_WARN_QUOTED_INCLUDE_IN_FRAMEWORK_HEADER = YES;
				CLANG_WARN_RANGE_LOOP_ANALYSIS = YES;
				CLANG_WARN_STRICT_PROTOTYPES = YES;
				CLANG_WARN_SUSPICIOUS_MOVE = YES;
				CLANG_WARN_UNGUARDED_AVAILABILITY = YES_AGGRESSIVE;
				CLANG_WARN_UNREACHABLE_CODE = YES;
				CLANG_WARN__DUPLICATE_METHOD_MATCH = YES;
				COPY_PHASE_STRIP = NO;
				DEBUG_INFORMATION_FORMAT = dwarf;
				ENABLE_STRICT_OBJC_MSGSEND = YES;
				ENABLE_TESTABILITY = YES;
				GCC_C_LANGUAGE_STANDARD = gnu11;
				GCC_DYNAMIC_NO_PIC = NO;
				GCC_NO_COMMON_BLOCKS = YES;
				GCC_OPTIMIZATION_LEVEL = 0;
				GCC_PREPROCESSOR_DEFINITIONS = (
					"DEBUG=1",
					"$(inherited)",
				);
				GCC_WARN_64_TO_32_BIT_CONVERSION = YES;
				GCC_WARN_ABOUT_RETURN_TYPE = YES_ERROR;
				GCC_WARN_UNDECLARED_SELECTOR = YES;
				GCC_WARN_UNINITIALIZED_AUTOS = YES_AGGRESSIVE;
				GCC_WARN_UNUSED_FUNCTION = YES;
				GCC_WARN_UNUSED_VARIABLE = YES;
				IPHONEOS_DEPLOYMENT_TARGET = 14.0;
				MTL_ENABLE_DEBUG_INFO = INCLUDE_SOURCE;
				MTL_FAST_MATH = YES;
				ONLY_ACTIVE_ARCH = YES;
				SDKROOT = iphoneos;
				SWIFT_ACTIVE_COMPILATION_CONDITIONS = DEBUG;
				SWIFT_OPTIMIZATION_LEVEL = "-Onone";
			};
			name = Debug;
		};
		CB78EA8F252CEA6C00CC48E6 /* Release */ = {
			isa = XCBuildConfiguration;
			buildSettings = {
				ALWAYS_SEARCH_USER_PATHS = NO;
				CLANG_ANALYZER_LOCALIZABILITY_NONLOCALIZED = YES;
				CLANG_ANALYZER_NONNULL = YES;
				CLANG_ANALYZER_NUMBER_OBJECT_CONVERSION = YES_AGGRESSIVE;
				CLANG_CXX_LANGUAGE_STANDARD = "gnu++14";
				CLANG_CXX_LIBRARY = "libc++";
				CLANG_ENABLE_MODULES = YES;
				CLANG_ENABLE_OBJC_ARC = YES;
				CLANG_ENABLE_OBJC_WEAK = YES;
				CLANG_WARN_BLOCK_CAPTURE_AUTORELEASING = YES;
				CLANG_WARN_BOOL_CONVERSION = YES;
				CLANG_WARN_COMMA = YES;
				CLANG_WARN_CONSTANT_CONVERSION = YES;
				CLANG_WARN_DEPRECATED_OBJC_IMPLEMENTATIONS = YES;
				CLANG_WARN_DIRECT_OBJC_ISA_USAGE = YES_ERROR;
				CLANG_WARN_DOCUMENTATION_COMMENTS = YES;
				CLANG_WARN_EMPTY_BODY = YES;
				CLANG_WARN_ENUM_CONVERSION = YES;
				CLANG_WARN_INFINITE_RECURSION = YES;
				CLANG_WARN_INT_CONVERSION = YES;
				CLANG_WARN_NON_LITERAL_NULL_CONVERSION = YES;
				CLANG_WARN_OBJC_IMPLICIT_RETAIN_SELF = YES;
				CLANG_WARN_OBJC_LITERAL_CONVERSION = YES;
				CLANG_WARN_OBJC_ROOT_CLASS = YES_ERROR;
				CLANG_WARN_QUOTED_INCLUDE_IN_FRAMEWORK_HEADER = YES;
				CLANG_WARN_RANGE_LOOP_ANALYSIS = YES;
				CLANG_WARN_STRICT_PROTOTYPES = YES;
				CLANG_WARN_SUSPICIOUS_MOVE = YES;
				CLANG_WARN_UNGUARDED_AVAILABILITY = YES_AGGRESSIVE;
				CLANG_WARN_UNREACHABLE_CODE = YES;
				CLANG_WARN__DUPLICATE_METHOD_MATCH = YES;
				COPY_PHASE_STRIP = NO;
				DEBUG_INFORMATION_FORMAT = "dwarf-with-dsym";
				ENABLE_NS_ASSERTIONS = NO;
				ENABLE_STRICT_OBJC_MSGSEND = YES;
				GCC_C_LANGUAGE_STANDARD = gnu11;
				GCC_NO_COMMON_BLOCKS = YES;
				GCC_WARN_64_TO_32_BIT_CONVERSION = YES;
				GCC_WARN_ABOUT_RETURN_TYPE = YES_ERROR;
				GCC_WARN_UNDECLARED_SELECTOR = YES;
				GCC_WARN_UNINITIALIZED_AUTOS = YES_AGGRESSIVE;
				GCC_WARN_UNUSED_FUNCTION = YES;
				GCC_WARN_UNUSED_VARIABLE = YES;
				IPHONEOS_DEPLOYMENT_TARGET = 14.0;
				MTL_ENABLE_DEBUG_INFO = NO;
				MTL_FAST_MATH = YES;
				SDKROOT = iphoneos;
				SWIFT_COMPILATION_MODE = wholemodule;
				SWIFT_OPTIMIZATION_LEVEL = "-O";
				VALIDATE_PRODUCT = YES;
			};
			name = Release;
		};
		CB78EA91252CEA6C00CC48E6 /* Debug */ = {
			isa = XCBuildConfiguration;
			baseConfigurationReference = CA8CA443BCD1090136731DD5 /* Pods-MarvelHeroes.debug.xcconfig */;
			buildSettings = {
				ASSETCATALOG_COMPILER_APPICON_NAME = AppIcon;
				ASSETCATALOG_COMPILER_GLOBAL_ACCENT_COLOR_NAME = AccentColor;
				CODE_SIGN_STYLE = Automatic;
				INFOPLIST_FILE = MarvelHeroes/Info.plist;
				LD_RUNPATH_SEARCH_PATHS = (
					"$(inherited)",
					"@executable_path/Frameworks",
				);
				PRODUCT_BUNDLE_IDENTIFIER = com.rodrigosa.MarvelHeroes;
				PRODUCT_NAME = "$(TARGET_NAME)";
				SWIFT_VERSION = 5.0;
				TARGETED_DEVICE_FAMILY = "1,2";
			};
			name = Debug;
		};
		CB78EA92252CEA6C00CC48E6 /* Release */ = {
			isa = XCBuildConfiguration;
			baseConfigurationReference = 418A11A8260AE5A2927C40D5 /* Pods-MarvelHeroes.release.xcconfig */;
			buildSettings = {
				ASSETCATALOG_COMPILER_APPICON_NAME = AppIcon;
				ASSETCATALOG_COMPILER_GLOBAL_ACCENT_COLOR_NAME = AccentColor;
				CODE_SIGN_STYLE = Automatic;
				INFOPLIST_FILE = MarvelHeroes/Info.plist;
				LD_RUNPATH_SEARCH_PATHS = (
					"$(inherited)",
					"@executable_path/Frameworks",
				);
				PRODUCT_BUNDLE_IDENTIFIER = com.rodrigosa.MarvelHeroes;
				PRODUCT_NAME = "$(TARGET_NAME)";
				SWIFT_VERSION = 5.0;
				TARGETED_DEVICE_FAMILY = "1,2";
			};
			name = Release;
		};
/* End XCBuildConfiguration section */

/* Begin XCConfigurationList section */
		CB78EA77252CEA6B00CC48E6 /* Build configuration list for PBXProject "MarvelHeroes" */ = {
			isa = XCConfigurationList;
			buildConfigurations = (
				CB78EA8E252CEA6C00CC48E6 /* Debug */,
				CB78EA8F252CEA6C00CC48E6 /* Release */,
			);
			defaultConfigurationIsVisible = 0;
			defaultConfigurationName = Release;
		};
		CB78EA90252CEA6C00CC48E6 /* Build configuration list for PBXNativeTarget "MarvelHeroes" */ = {
			isa = XCConfigurationList;
			buildConfigurations = (
				CB78EA91252CEA6C00CC48E6 /* Debug */,
				CB78EA92252CEA6C00CC48E6 /* Release */,
			);
			defaultConfigurationIsVisible = 0;
			defaultConfigurationName = Release;
		};
/* End XCConfigurationList section */
	};
	rootObject = CB78EA74252CEA6B00CC48E6 /* Project object */;
}
